
Microsoft Visual Studio Solution File, Format Version 12.00
# Visual Studio Version 17
VisualStudioVersion = 17.8.34511.84
MinimumVisualStudioVersion = 10.0.40219.1
Project("{FAE04EC0-301F-11D3-BF4B-00C04F79EFBC}") = "KSheet3", "KSheet3\KSheet3.csproj", "{AB0C2BA4-D37E-4D3F-9659-E123FD89523D}"
EndProject
Global
	GlobalSection(SolutionConfigurationPlatforms) = preSolution
		Debug|Any CPU = Debug|Any CPU
		Release|Any CPU = Release|Any CPU
	EndGlobalSection
	GlobalSection(ProjectConfigurationPlatforms) = postSolution
		{AB0C2BA4-D37E-4D3F-9659-E123FD89523D}.Debug|Any CPU.ActiveCfg = Debug|Any CPU
		{AB0C2BA4-D37E-4D3F-9659-E123FD89523D}.Debug|Any CPU.Build.0 = Debug|Any CPU
		{AB0C2BA4-D37E-4D3F-9659-E123FD89523D}.Release|Any CPU.ActiveCfg = Release|Any CPU
		{AB0C2BA4-D37E-4D3F-9659-E123FD89523D}.Release|Any CPU.Build.0 = Release|Any CPU
	EndGlobalSection
	GlobalSection(SolutionProperties) = preSolution
		HideSolutionNode = FALSE
	EndGlobalSection
	GlobalSection(ExtensibilityGlobals) = postSolution
		SolutionGuid = {BC5D95FA-9150-4A0E-A608-6549DD253755}
	EndGlobalSection
EndGlobal
